// !$*UTF8*$!
{
	archiveVersion = 1;
	classes = {
	};
	objectVersion = 55;
	objects = {

/* Begin PBXBuildFile section */
		003845BC2BB9F98C00009094 /* ContactListView.swift in Sources */ = {isa = PBXBuildFile; fileRef = 003845BB2BB9F98C00009094 /* ContactListView.swift */; };
		003845D22BBA066600009094 /* ContactLoadCell.swift in Sources */ = {isa = PBXBuildFile; fileRef = 003845D12BBA066600009094 /* ContactLoadCell.swift */; };
		003845D42BBA06E900009094 /* ContactCell.swift in Sources */ = {isa = PBXBuildFile; fileRef = 003845D32BBA06E900009094 /* ContactCell.swift */; };
		0038462C2BBA50C700009094 /* HomeView.swift in Sources */ = {isa = PBXBuildFile; fileRef = 0038462B2BBA50C700009094 /* HomeView.swift */; };
		0038462E2BBA515200009094 /* TodayView.swift in Sources */ = {isa = PBXBuildFile; fileRef = 0038462D2BBA515200009094 /* TodayView.swift */; };
		003846302BBA546200009094 /* TodayDetaiView.swift in Sources */ = {isa = PBXBuildFile; fileRef = 0038462F2BBA546200009094 /* TodayDetaiView.swift */; };
		003846322BBA55BA00009094 /* CardView.swift in Sources */ = {isa = PBXBuildFile; fileRef = 003846312BBA55BA00009094 /* CardView.swift */; };
		00924FD42871ABBC00104832 /* HawaiiLionsAppApp.swift in Sources */ = {isa = PBXBuildFile; fileRef = 00924FD32871ABBC00104832 /* HawaiiLionsAppApp.swift */; };
		00924FD62871ABBC00104832 /* ContentView.swift in Sources */ = {isa = PBXBuildFile; fileRef = 00924FD52871ABBC00104832 /* ContentView.swift */; };
		00924FD82871ABBD00104832 /* Assets.xcassets in Resources */ = {isa = PBXBuildFile; fileRef = 00924FD72871ABBD00104832 /* Assets.xcassets */; };
		00924FDB2871ABBD00104832 /* Preview Assets.xcassets in Resources */ = {isa = PBXBuildFile; fileRef = 00924FDA2871ABBD00104832 /* Preview Assets.xcassets */; };
		00924FDD2871ABBD00104832 /* Persistence.swift in Sources */ = {isa = PBXBuildFile; fileRef = 00924FDC2871ABBD00104832 /* Persistence.swift */; };
		00924FE02871ABBD00104832 /* HawaiiLionsApp.xcdatamodeld in Sources */ = {isa = PBXBuildFile; fileRef = 00924FDE2871ABBD00104832 /* HawaiiLionsApp.xcdatamodeld */; };
		00924FE92871ABE000104832 /* Client.swift in Sources */ = {isa = PBXBuildFile; fileRef = 00924FE62871ABE000104832 /* Client.swift */; };
		00924FEA2871ABE000104832 /* data.json in Resources */ = {isa = PBXBuildFile; fileRef = 00924FE72871ABE000104832 /* data.json */; };
		00924FEF2872666C00104832 /* ContactDetailView.swift in Sources */ = {isa = PBXBuildFile; fileRef = 00924FEE2872666C00104832 /* ContactDetailView.swift */; };
/* End PBXBuildFile section */

/* Begin PBXFileReference section */
		003845BB2BB9F98C00009094 /* ContactListView.swift */ = {isa = PBXFileReference; lastKnownFileType = sourcecode.swift; path = ContactListView.swift; sourceTree = "<group>"; };
		003845D12BBA066600009094 /* ContactLoadCell.swift */ = {isa = PBXFileReference; lastKnownFileType = sourcecode.swift; path = ContactLoadCell.swift; sourceTree = "<group>"; };
		003845D32BBA06E900009094 /* ContactCell.swift */ = {isa = PBXFileReference; lastKnownFileType = sourcecode.swift; path = ContactCell.swift; sourceTree = "<group>"; };
		0038462B2BBA50C700009094 /* HomeView.swift */ = {isa = PBXFileReference; lastKnownFileType = sourcecode.swift; path = HomeView.swift; sourceTree = "<group>"; };
		0038462D2BBA515200009094 /* TodayView.swift */ = {isa = PBXFileReference; lastKnownFileType = sourcecode.swift; path = TodayView.swift; sourceTree = "<group>"; };
		0038462F2BBA546200009094 /* TodayDetaiView.swift */ = {isa = PBXFileReference; lastKnownFileType = sourcecode.swift; path = TodayDetaiView.swift; sourceTree = "<group>"; };
		003846312BBA55BA00009094 /* CardView.swift */ = {isa = PBXFileReference; lastKnownFileType = sourcecode.swift; path = CardView.swift; sourceTree = "<group>"; };
		00924FD02871ABBC00104832 /* D50 Directory.app */ = {isa = PBXFileReference; explicitFileType = wrapper.application; includeInIndex = 0; path = "D50 Directory.app"; sourceTree = BUILT_PRODUCTS_DIR; };
		00924FD32871ABBC00104832 /* HawaiiLionsAppApp.swift */ = {isa = PBXFileReference; lastKnownFileType = sourcecode.swift; path = HawaiiLionsAppApp.swift; sourceTree = "<group>"; };
		00924FD52871ABBC00104832 /* ContentView.swift */ = {isa = PBXFileReference; lastKnownFileType = sourcecode.swift; path = ContentView.swift; sourceTree = "<group>"; };
		00924FD72871ABBD00104832 /* Assets.xcassets */ = {isa = PBXFileReference; lastKnownFileType = folder.assetcatalog; path = Assets.xcassets; sourceTree = "<group>"; };
		00924FDA2871ABBD00104832 /* Preview Assets.xcassets */ = {isa = PBXFileReference; lastKnownFileType = folder.assetcatalog; path = "Preview Assets.xcassets"; sourceTree = "<group>"; };
		00924FDC2871ABBD00104832 /* Persistence.swift */ = {isa = PBXFileReference; lastKnownFileType = sourcecode.swift; path = Persistence.swift; sourceTree = "<group>"; };
		00924FDF2871ABBD00104832 /* HawaiiLionsApp.xcdatamodel */ = {isa = PBXFileReference; lastKnownFileType = wrapper.xcdatamodel; path = HawaiiLionsApp.xcdatamodel; sourceTree = "<group>"; };
		00924FE62871ABE000104832 /* Client.swift */ = {isa = PBXFileReference; fileEncoding = 4; lastKnownFileType = sourcecode.swift; path = Client.swift; sourceTree = "<group>"; };
		00924FE72871ABE000104832 /* data.json */ = {isa = PBXFileReference; fileEncoding = 4; lastKnownFileType = text.json; path = data.json; sourceTree = "<group>"; };
		00924FEE2872666C00104832 /* ContactDetailView.swift */ = {isa = PBXFileReference; lastKnownFileType = sourcecode.swift; path = ContactDetailView.swift; sourceTree = "<group>"; };
/* End PBXFileReference section */

/* Begin PBXFrameworksBuildPhase section */
		00924FCD2871ABBC00104832 /* Frameworks */ = {
			isa = PBXFrameworksBuildPhase;
			buildActionMask = 2147483647;
			files = (
			);
			runOnlyForDeploymentPostprocessing = 0;
		};
/* End PBXFrameworksBuildPhase section */

/* Begin PBXGroup section */
		003845BD2BB9FD0600009094 /* Directory */ = {
			isa = PBXGroup;
			children = (
				00924FE62871ABE000104832 /* Client.swift */,
				00924FEE2872666C00104832 /* ContactDetailView.swift */,
				003845BB2BB9F98C00009094 /* ContactListView.swift */,
				00924FE72871ABE000104832 /* data.json */,
				003845D12BBA066600009094 /* ContactLoadCell.swift */,
				003845D32BBA06E900009094 /* ContactCell.swift */,
			);
			path = Directory;
			sourceTree = "<group>";
		};
		0038462A2BBA50B200009094 /* Home */ = {
			isa = PBXGroup;
			children = (
				0038462B2BBA50C700009094 /* HomeView.swift */,
				0038462D2BBA515200009094 /* TodayView.swift */,
				0038462F2BBA546200009094 /* TodayDetaiView.swift */,
				003846312BBA55BA00009094 /* CardView.swift */,
			);
			path = Home;
			sourceTree = "<group>";
		};
		00924FC72871ABBC00104832 = {
			isa = PBXGroup;
			children = (
				00924FD22871ABBC00104832 /* HawaiiLionsApp */,
				00924FD12871ABBC00104832 /* Products */,
			);
			sourceTree = "<group>";
		};
		00924FD12871ABBC00104832 /* Products */ = {
			isa = PBXGroup;
			children = (
				00924FD02871ABBC00104832 /* D50 Directory.app */,
			);
			name = Products;
			sourceTree = "<group>";
		};
		00924FD22871ABBC00104832 /* HawaiiLionsApp */ = {
			isa = PBXGroup;
			children = (
				0038462A2BBA50B200009094 /* Home */,
				003845BD2BB9FD0600009094 /* Directory */,
				00924FD32871ABBC00104832 /* HawaiiLionsAppApp.swift */,
				00924FD52871ABBC00104832 /* ContentView.swift */,
				00924FDC2871ABBD00104832 /* Persistence.swift */,
				00924FD72871ABBD00104832 /* Assets.xcassets */,
				00924FDE2871ABBD00104832 /* HawaiiLionsApp.xcdatamodeld */,
				00924FD92871ABBD00104832 /* Preview Content */,
			);
			path = HawaiiLionsApp;
			sourceTree = "<group>";
		};
		00924FD92871ABBD00104832 /* Preview Content */ = {
			isa = PBXGroup;
			children = (
				00924FDA2871ABBD00104832 /* Preview Assets.xcassets */,
			);
			path = "Preview Content";
			sourceTree = "<group>";
		};
/* End PBXGroup section */

/* Begin PBXNativeTarget section */
		00924FCF2871ABBC00104832 /* HawaiiLionsApp */ = {
			isa = PBXNativeTarget;
			buildConfigurationList = 00924FE32871ABBD00104832 /* Build configuration list for PBXNativeTarget "HawaiiLionsApp" */;
			buildPhases = (
				00924FCC2871ABBC00104832 /* Sources */,
				00924FCD2871ABBC00104832 /* Frameworks */,
				00924FCE2871ABBC00104832 /* Resources */,
			);
			buildRules = (
			);
			dependencies = (
			);
			name = HawaiiLionsApp;
			productName = HawaiiLionsApp;
			productReference = 00924FD02871ABBC00104832 /* D50 Directory.app */;
			productType = "com.apple.product-type.application";
		};
/* End PBXNativeTarget section */

/* Begin PBXProject section */
		00924FC82871ABBC00104832 /* Project object */ = {
			isa = PBXProject;
			attributes = {
				BuildIndependentTargetsInParallel = 1;
				LastSwiftUpdateCheck = 1340;
				LastUpgradeCheck = 1530;
				TargetAttributes = {
					00924FCF2871ABBC00104832 = {
						CreatedOnToolsVersion = 13.4.1;
					};
				};
			};
			buildConfigurationList = 00924FCB2871ABBC00104832 /* Build configuration list for PBXProject "HawaiiLionsApp" */;
			compatibilityVersion = "Xcode 13.0";
			developmentRegion = en;
			hasScannedForEncodings = 0;
			knownRegions = (
				en,
				Base,
			);
			mainGroup = 00924FC72871ABBC00104832;
			productRefGroup = 00924FD12871ABBC00104832 /* Products */;
			projectDirPath = "";
			projectRoot = "";
			targets = (
				00924FCF2871ABBC00104832 /* HawaiiLionsApp */,
			);
		};
/* End PBXProject section */

/* Begin PBXResourcesBuildPhase section */
		00924FCE2871ABBC00104832 /* Resources */ = {
			isa = PBXResourcesBuildPhase;
			buildActionMask = 2147483647;
			files = (
				00924FDB2871ABBD00104832 /* Preview Assets.xcassets in Resources */,
				00924FEA2871ABE000104832 /* data.json in Resources */,
				00924FD82871ABBD00104832 /* Assets.xcassets in Resources */,
			);
			runOnlyForDeploymentPostprocessing = 0;
		};
/* End PBXResourcesBuildPhase section */

/* Begin PBXSourcesBuildPhase section */
		00924FCC2871ABBC00104832 /* Sources */ = {
			isa = PBXSourcesBuildPhase;
			buildActionMask = 2147483647;
			files = (
				003846302BBA546200009094 /* TodayDetaiView.swift in Sources */,
				0038462C2BBA50C700009094 /* HomeView.swift in Sources */,
				00924FE02871ABBD00104832 /* HawaiiLionsApp.xcdatamodeld in Sources */,
				003845BC2BB9F98C00009094 /* ContactListView.swift in Sources */,
				003846322BBA55BA00009094 /* CardView.swift in Sources */,
				00924FEF2872666C00104832 /* ContactDetailView.swift in Sources */,
				003845D42BBA06E900009094 /* ContactCell.swift in Sources */,
				0038462E2BBA515200009094 /* TodayView.swift in Sources */,
				00924FDD2871ABBD00104832 /* Persistence.swift in Sources */,
				00924FD62871ABBC00104832 /* ContentView.swift in Sources */,
				00924FE92871ABE000104832 /* Client.swift in Sources */,
				00924FD42871ABBC00104832 /* HawaiiLionsAppApp.swift in Sources */,
				003845D22BBA066600009094 /* ContactLoadCell.swift in Sources */,
			);
			runOnlyForDeploymentPostprocessing = 0;
		};
/* End PBXSourcesBuildPhase section */

/* Begin XCBuildConfiguration section */
		00924FE12871ABBD00104832 /* Debug */ = {
			isa = XCBuildConfiguration;
			buildSettings = {
				ALWAYS_SEARCH_USER_PATHS = NO;
				CLANG_ANALYZER_NONNULL = YES;
				CLANG_ANALYZER_NUMBER_OBJECT_CONVERSION = YES_AGGRESSIVE;
				CLANG_CXX_LANGUAGE_STANDARD = "gnu++17";
				CLANG_ENABLE_MODULES = YES;
				CLANG_ENABLE_OBJC_ARC = YES;
				CLANG_ENABLE_OBJC_WEAK = YES;
				CLANG_WARN_BLOCK_CAPTURE_AUTORELEASING = YES;
				CLANG_WARN_BOOL_CONVERSION = YES;
				CLANG_WARN_COMMA = YES;
				CLANG_WARN_CONSTANT_CONVERSION = YES;
				CLANG_WARN_DEPRECATED_OBJC_IMPLEMENTATIONS = YES;
				CLANG_WARN_DIRECT_OBJC_ISA_USAGE = YES_ERROR;
				CLANG_WARN_DOCUMENTATION_COMMENTS = YES;
				CLANG_WARN_EMPTY_BODY = YES;
				CLANG_WARN_ENUM_CONVERSION = YES;
				CLANG_WARN_INFINITE_RECURSION = YES;
				CLANG_WARN_INT_CONVERSION = YES;
				CLANG_WARN_NON_LITERAL_NULL_CONVERSION = YES;
				CLANG_WARN_OBJC_IMPLICIT_RETAIN_SELF = YES;
				CLANG_WARN_OBJC_LITERAL_CONVERSION = YES;
				CLANG_WARN_OBJC_ROOT_CLASS = YES_ERROR;
				CLANG_WARN_QUOTED_INCLUDE_IN_FRAMEWORK_HEADER = YES;
				CLANG_WARN_RANGE_LOOP_ANALYSIS = YES;
				CLANG_WARN_STRICT_PROTOTYPES = YES;
				CLANG_WARN_SUSPICIOUS_MOVE = YES;
				CLANG_WARN_UNGUARDED_AVAILABILITY = YES_AGGRESSIVE;
				CLANG_WARN_UNREACHABLE_CODE = YES;
				CLANG_WARN__DUPLICATE_METHOD_MATCH = YES;
				COPY_PHASE_STRIP = NO;
				DEBUG_INFORMATION_FORMAT = dwarf;
				ENABLE_STRICT_OBJC_MSGSEND = YES;
				ENABLE_TESTABILITY = YES;
				ENABLE_USER_SCRIPT_SANDBOXING = YES;
				GCC_C_LANGUAGE_STANDARD = gnu11;
				GCC_DYNAMIC_NO_PIC = NO;
				GCC_NO_COMMON_BLOCKS = YES;
				GCC_OPTIMIZATION_LEVEL = 0;
				GCC_PREPROCESSOR_DEFINITIONS = (
					"DEBUG=1",
					"$(inherited)",
				);
				GCC_WARN_64_TO_32_BIT_CONVERSION = YES;
				GCC_WARN_ABOUT_RETURN_TYPE = YES_ERROR;
				GCC_WARN_UNDECLARED_SELECTOR = YES;
				GCC_WARN_UNINITIALIZED_AUTOS = YES_AGGRESSIVE;
				GCC_WARN_UNUSED_FUNCTION = YES;
				GCC_WARN_UNUSED_VARIABLE = YES;
				IPHONEOS_DEPLOYMENT_TARGET = 15.5;
				MTL_ENABLE_DEBUG_INFO = INCLUDE_SOURCE;
				MTL_FAST_MATH = YES;
				ONLY_ACTIVE_ARCH = YES;
				SDKROOT = iphoneos;
				SWIFT_ACTIVE_COMPILATION_CONDITIONS = DEBUG;
				SWIFT_OPTIMIZATION_LEVEL = "-Onone";
			};
			name = Debug;
		};
		00924FE22871ABBD00104832 /* Release */ = {
			isa = XCBuildConfiguration;
			buildSettings = {
				ALWAYS_SEARCH_USER_PATHS = NO;
				CLANG_ANALYZER_NONNULL = YES;
				CLANG_ANALYZER_NUMBER_OBJECT_CONVERSION = YES_AGGRESSIVE;
				CLANG_CXX_LANGUAGE_STANDARD = "gnu++17";
				CLANG_ENABLE_MODULES = YES;
				CLANG_ENABLE_OBJC_ARC = YES;
				CLANG_ENABLE_OBJC_WEAK = YES;
				CLANG_WARN_BLOCK_CAPTURE_AUTORELEASING = YES;
				CLANG_WARN_BOOL_CONVERSION = YES;
				CLANG_WARN_COMMA = YES;
				CLANG_WARN_CONSTANT_CONVERSION = YES;
				CLANG_WARN_DEPRECATED_OBJC_IMPLEMENTATIONS = YES;
				CLANG_WARN_DIRECT_OBJC_ISA_USAGE = YES_ERROR;
				CLANG_WARN_DOCUMENTATION_COMMENTS = YES;
				CLANG_WARN_EMPTY_BODY = YES;
				CLANG_WARN_ENUM_CONVERSION = YES;
				CLANG_WARN_INFINITE_RECURSION = YES;
				CLANG_WARN_INT_CONVERSION = YES;
				CLANG_WARN_NON_LITERAL_NULL_CONVERSION = YES;
				CLANG_WARN_OBJC_IMPLICIT_RETAIN_SELF = YES;
				CLANG_WARN_OBJC_LITERAL_CONVERSION = YES;
				CLANG_WARN_OBJC_ROOT_CLASS = YES_ERROR;
				CLANG_WARN_QUOTED_INCLUDE_IN_FRAMEWORK_HEADER = YES;
				CLANG_WARN_RANGE_LOOP_ANALYSIS = YES;
				CLANG_WARN_STRICT_PROTOTYPES = YES;
				CLANG_WARN_SUSPICIOUS_MOVE = YES;
				CLANG_WARN_UNGUARDED_AVAILABILITY = YES_AGGRESSIVE;
				CLANG_WARN_UNREACHABLE_CODE = YES;
				CLANG_WARN__DUPLICATE_METHOD_MATCH = YES;
				COPY_PHASE_STRIP = NO;
				DEBUG_INFORMATION_FORMAT = "dwarf-with-dsym";
				ENABLE_NS_ASSERTIONS = NO;
				ENABLE_STRICT_OBJC_MSGSEND = YES;
				ENABLE_USER_SCRIPT_SANDBOXING = YES;
				GCC_C_LANGUAGE_STANDARD = gnu11;
				GCC_NO_COMMON_BLOCKS = YES;
				GCC_WARN_64_TO_32_BIT_CONVERSION = YES;
				GCC_WARN_ABOUT_RETURN_TYPE = YES_ERROR;
				GCC_WARN_UNDECLARED_SELECTOR = YES;
				GCC_WARN_UNINITIALIZED_AUTOS = YES_AGGRESSIVE;
				GCC_WARN_UNUSED_FUNCTION = YES;
				GCC_WARN_UNUSED_VARIABLE = YES;
				IPHONEOS_DEPLOYMENT_TARGET = 15.5;
				MTL_ENABLE_DEBUG_INFO = NO;
				MTL_FAST_MATH = YES;
				SDKROOT = iphoneos;
				SWIFT_COMPILATION_MODE = wholemodule;
				SWIFT_OPTIMIZATION_LEVEL = "-O";
				VALIDATE_PRODUCT = YES;
			};
			name = Release;
		};
		00924FE42871ABBD00104832 /* Debug */ = {
			isa = XCBuildConfiguration;
			buildSettings = {
				ASSETCATALOG_COMPILER_APPICON_NAME = AppIcon;
				ASSETCATALOG_COMPILER_GLOBAL_ACCENT_COLOR_NAME = AccentColor;
				CODE_SIGN_STYLE = Automatic;
				CURRENT_PROJECT_VERSION = 1;
				DEVELOPMENT_ASSET_PATHS = "\"HawaiiLionsApp/Preview Content\"";
				DEVELOPMENT_TEAM = K9HX2W8ZMR;
				ENABLE_PREVIEWS = YES;
				GENERATE_INFOPLIST_FILE = YES;
				INFOPLIST_KEY_CFBundleDisplayName = "Hawaii Lions";
				INFOPLIST_KEY_NSContactsUsageDescription = "We are asking for access to your contacts so we can add user contacts to the Contacts app. ";
				INFOPLIST_KEY_UIApplicationSceneManifest_Generation = YES;
				INFOPLIST_KEY_UIApplicationSupportsIndirectInputEvents = YES;
				INFOPLIST_KEY_UILaunchScreen_Generation = YES;
				INFOPLIST_KEY_UISupportedInterfaceOrientations = "UIInterfaceOrientationLandscapeLeft UIInterfaceOrientationLandscapeRight UIInterfaceOrientationPortrait UIInterfaceOrientationPortraitUpsideDown";
				IPHONEOS_DEPLOYMENT_TARGET = 15.0;
				LD_RUNPATH_SEARCH_PATHS = (
					"$(inherited)",
					"@executable_path/Frameworks",
				);
				MARKETING_VERSION = 1.0;
				PRODUCT_BUNDLE_IDENTIFIER = com.hawaiilions.HawaiiLionsApp;
				PRODUCT_NAME = "D50 Directory";
				SWIFT_EMIT_LOC_STRINGS = YES;
				SWIFT_VERSION = 5.0;
				TARGETED_DEVICE_FAMILY = "1,2";
			};
			name = Debug;
		};
		00924FE52871ABBD00104832 /* Release */ = {
			isa = XCBuildConfiguration;
			buildSettings = {
				ASSETCATALOG_COMPILER_APPICON_NAME = AppIcon;
				ASSETCATALOG_COMPILER_GLOBAL_ACCENT_COLOR_NAME = AccentColor;
				CODE_SIGN_STYLE = Automatic;
				CURRENT_PROJECT_VERSION = 1;
				DEVELOPMENT_ASSET_PATHS = "\"HawaiiLionsApp/Preview Content\"";
				DEVELOPMENT_TEAM = K9HX2W8ZMR;
				ENABLE_PREVIEWS = YES;
				GENERATE_INFOPLIST_FILE = YES;
				INFOPLIST_KEY_CFBundleDisplayName = "Hawaii Lions";
				INFOPLIST_KEY_NSContactsUsageDescription = "We are asking for access to your contacts so we can add user contacts to the Contacts app. ";
				INFOPLIST_KEY_UIApplicationSceneManifest_Generation = YES;
				INFOPLIST_KEY_UIApplicationSupportsIndirectInputEvents = YES;
				INFOPLIST_KEY_UILaunchScreen_Generation = YES;
				INFOPLIST_KEY_UISupportedInterfaceOrientations = "UIInterfaceOrientationLandscapeLeft UIInterfaceOrientationLandscapeRight UIInterfaceOrientationPortrait UIInterfaceOrientationPortraitUpsideDown";
				IPHONEOS_DEPLOYMENT_TARGET = 15.0;
				LD_RUNPATH_SEARCH_PATHS = (
					"$(inherited)",
					"@executable_path/Frameworks",
				);
				MARKETING_VERSION = 1.0;
				PRODUCT_BUNDLE_IDENTIFIER = com.hawaiilions.HawaiiLionsApp;
				PRODUCT_NAME = "D50 Directory";
				SWIFT_EMIT_LOC_STRINGS = YES;
				SWIFT_VERSION = 5.0;
				TARGETED_DEVICE_FAMILY = "1,2";
			};
			name = Release;
		};
/* End XCBuildConfiguration section */

/* Begin XCConfigurationList section */
		00924FCB2871ABBC00104832 /* Build configuration list for PBXProject "HawaiiLionsApp" */ = {
			isa = XCConfigurationList;
			buildConfigurations = (
				00924FE12871ABBD00104832 /* Debug */,
				00924FE22871ABBD00104832 /* Release */,
			);
			defaultConfigurationIsVisible = 0;
			defaultConfigurationName = Release;
		};
		00924FE32871ABBD00104832 /* Build configuration list for PBXNativeTarget "HawaiiLionsApp" */ = {
			isa = XCConfigurationList;
			buildConfigurations = (
				00924FE42871ABBD00104832 /* Debug */,
				00924FE52871ABBD00104832 /* Release */,
			);
			defaultConfigurationIsVisible = 0;
			defaultConfigurationName = Release;
		};
/* End XCConfigurationList section */

/* Begin XCVersionGroup section */
		00924FDE2871ABBD00104832 /* HawaiiLionsApp.xcdatamodeld */ = {
			isa = XCVersionGroup;
			children = (
				00924FDF2871ABBD00104832 /* HawaiiLionsApp.xcdatamodel */,
			);
			currentVersion = 00924FDF2871ABBD00104832 /* HawaiiLionsApp.xcdatamodel */;
			path = HawaiiLionsApp.xcdatamodeld;
			sourceTree = "<group>";
			versionGroupType = wrapper.xcdatamodel;
		};
/* End XCVersionGroup section */
	};
	rootObject = 00924FC82871ABBC00104832 /* Project object */;
}
